
Microsoft Visual Studio Solution File, Format Version 12.00
# Visual Studio Version 16
VisualStudioVersion = 16.0.30114.105
MinimumVisualStudioVersion = 15.0.26124.0
Project("{9A19103F-16F7-4668-BE54-9A1E7A4F7556}") = "ShippingApp", "ShippingApp\ShippingApp.csproj", "{C13B29DE-0620-4F6C-B73D-11C27FC30BBD}"
EndProject
Project("{9A19103F-16F7-4668-BE54-9A1E7A4F7556}") = "Utilities", "Utilities\Utilities.csproj", "{32FBBA46-42E2-48E0-9116-4297A11ACD32}"
EndProject
Global
	GlobalSection(SolutionConfigurationPlatforms) = preSolution
		Debug|Any CPU = Debug|Any CPU
		Debug|x64 = Debug|x64
		Debug|x86 = Debug|x86
		Release|Any CPU = Release|Any CPU
		Release|x64 = Release|x64
		Release|x86 = Release|x86
	EndGlobalSection
	GlobalSection(ProjectConfigurationPlatforms) = postSolution
		{C13B29DE-0620-4F6C-B73D-11C27FC30BBD}.Debug|Any CPU.ActiveCfg = Debug|Any CPU
		{C13B29DE-0620-4F6C-B73D-11C27FC30BBD}.Debug|Any CPU.Build.0 = Debug|Any CPU
		{C13B29DE-0620-4F6C-B73D-11C27FC30BBD}.Debug|x64.ActiveCfg = Debug|Any CPU
		{C13B29DE-0620-4F6C-B73D-11C27FC30BBD}.Debug|x64.Build.0 = Debug|Any CPU
		{C13B29DE-0620-4F6C-B73D-11C27FC30BBD}.Debug|x86.ActiveCfg = Debug|Any CPU
		{C13B29DE-0620-4F6C-B73D-11C27FC30BBD}.Debug|x86.Build.0 = Debug|Any CPU
		{C13B29DE-0620-4F6C-B73D-11C27FC30BBD}.Release|Any CPU.ActiveCfg = Release|Any CPU
		{C13B29DE-0620-4F6C-B73D-11C27FC30BBD}.Release|Any CPU.Build.0 = Release|Any CPU
		{C13B29DE-0620-4F6C-B73D-11C27FC30BBD}.Release|x64.ActiveCfg = Release|Any CPU
		{C13B29DE-0620-4F6C-B73D-11C27FC30BBD}.Release|x64.Build.0 = Release|Any CPU
		{C13B29DE-0620-4F6C-B73D-11C27FC30BBD}.Release|x86.ActiveCfg = Release|Any CPU
		{C13B29DE-0620-4F6C-B73D-11C27FC30BBD}.Release|x86.Build.0 = Release|Any CPU
		{32FBBA46-42E2-48E0-9116-4297A11ACD32}.Debug|Any CPU.ActiveCfg = Debug|Any CPU
		{32FBBA46-42E2-48E0-9116-4297A11ACD32}.Debug|Any CPU.Build.0 = Debug|Any CPU
		{32FBBA46-42E2-48E0-9116-4297A11ACD32}.Debug|x64.ActiveCfg = Debug|Any CPU
		{32FBBA46-42E2-48E0-9116-4297A11ACD32}.Debug|x64.Build.0 = Debug|Any CPU
		{32FBBA46-42E2-48E0-9116-4297A11ACD32}.Debug|x86.ActiveCfg = Debug|Any CPU
		{32FBBA46-42E2-48E0-9116-4297A11ACD32}.Debug|x86.Build.0 = Debug|Any CPU
		{32FBBA46-42E2-48E0-9116-4297A11ACD32}.Release|Any CPU.ActiveCfg = Release|Any CPU
		{32FBBA46-42E2-48E0-9116-4297A11ACD32}.Release|Any CPU.Build.0 = Release|Any CPU
		{32FBBA46-42E2-48E0-9116-4297A11ACD32}.Release|x64.ActiveCfg = Release|Any CPU
		{32FBBA46-42E2-48E0-9116-4297A11ACD32}.Release|x64.Build.0 = Release|Any CPU
		{32FBBA46-42E2-48E0-9116-4297A11ACD32}.Release|x86.ActiveCfg = Release|Any CPU
		{32FBBA46-42E2-48E0-9116-4297A11ACD32}.Release|x86.Build.0 = Release|Any CPU
	EndGlobalSection
	GlobalSection(SolutionProperties) = preSolution
		HideSolutionNode = FALSE
	EndGlobalSection
	GlobalSection(ExtensibilityGlobals) = postSolution
		SolutionGuid = {F7E257A7-1D9F-4B48-84E0-5A7F0883B3E6}
	EndGlobalSection
EndGlobal
